{
  "name": "SQLBase",
  "lockfileVersion": 2,
  "requires": true,
  "packages": {
    "": {
      "dependencies": {
        "tsparticles": "^2.3.4"
      }
    },
    "node_modules/tsparticles": {
      "version": "2.3.4",
      "resolved": "https://registry.npmjs.org/tsparticles/-/tsparticles-2.3.4.tgz",
      "integrity": "sha512-0ZZN+Pv0NhS3vKkG1zO7lGXX+TOCq/UKcaGJqjI5aOA8M7ywdsw1+rwXbKygYBrJjs4fltKTgmkA2kVCwYCeMA==",
      "dependencies": {
        "tsparticles-engine": "^2.3.3",
        "tsparticles-interaction-external-trail": "^2.3.3",
        "tsparticles-plugin-absorbers": "^2.3.4",
        "tsparticles-plugin-emitters": "^2.3.4",
        "tsparticles-plugin-polygon-mask": "^2.3.3",
        "tsparticles-slim": "^2.3.4",
        "tsparticles-updater-destroy": "^2.3.3",
        "tsparticles-updater-roll": "^2.3.3",
        "tsparticles-updater-tilt": "^2.3.3",
        "tsparticles-updater-twinkle": "^2.3.3",
        "tsparticles-updater-wobble": "^2.3.3"
      },
      "funding": {
        "type": "github",
        "url": "https://github.com/sponsors/matteobruni"
      }
    },
    "node_modules/tsparticles-engine": {
      "version": "2.3.3",
      "resolved": "https://registry.npmjs.org/tsparticles-engine/-/tsparticles-engine-2.3.3.tgz",
      "integrity": "sha512-OryoHLPwMRRj+P8eC17fCi1a+KAMZM8iayystk+Xbe/QGzJ45rptvcbzKwRGkxyuLorVqfbhqLhS5Aeglx/vzQ==",
      "funding": [
        {
          "type": "github",
          "url": "https://github.com/sponsors/matteobruni"
        },
        {
          "type": "buymeacoffee",
          "url": "https://www.buymeacoffee.com/matteobruni"
        }
      ],
      "hasInstallScript": true
    },
    "node_modules/tsparticles-interaction-external-attract": {
      "version": "2.3.3",
      "resolved": "https://registry.npmjs.org/tsparticles-interaction-external-attract/-/tsparticles-interaction-external-attract-2.3.3.tgz",
      "integrity": "sha512-EZnw1Dz2cl1fOrNlcEzpWmaMB51Qpvciue6WRHJvD0adPpm8jOUE7pZo2OlG29ONJo25ViOurTGO1MGdWd4OuQ==",
      "dependencies": {
        "tsparticles-engine": "^2.3.3"
      }
    },
    "node_modules/tsparticles-interaction-external-bounce": {
      "version": "2.3.3",
      "resolved": "https://registry.npmjs.org/tsparticles-interaction-external-bounce/-/tsparticles-interaction-external-bounce-2.3.3.tgz",
      "integrity": "sha512-HoKjYvzCtvGeS0VKpba3fMfO+tTWx4Gb4fz59EKm7niZy+R+mzBr2UTh3iN6eMPiLpGKJrscdG8Qc15haGL+LA==",
      "dependencies": {
        "tsparticles-engine": "^2.3.3"
      }
    },
    "node_modules/tsparticles-interaction-external-bubble": {
      "version": "2.3.3",
      "resolved": "https://registry.npmjs.org/tsparticles-interaction-external-bubble/-/tsparticles-interaction-external-bubble-2.3.3.tgz",
      "integrity": "sha512-t+lqNCQQsauGElUGJpsyv8UZSGvxgEvqlB2QpxUEjN8kadkytKBKEbx1Xm/kSkEG+hC3YiCtz2c+xvErWI/qFA==",
      "dependencies": {
        "tsparticles-engine": "^2.3.3"
      }
    },
    "node_modules/tsparticles-interaction-external-connect": {
      "version": "2.3.3",
      "resolved": "https://registry.npmjs.org/tsparticles-interaction-external-connect/-/tsparticles-interaction-external-connect-2.3.3.tgz",
      "integrity": "sha512-DTAMqopJTgff8WSrmuzDf18Q0UFux/fLpSRpcNnt4Cba0P6MgiCjo2kyBIU6oUgwJPA2nvmWHlvdmF/Sw4e98A==",
      "dependencies": {
        "tsparticles-engine": "^2.3.3"
      }
    },
    "node_modules/tsparticles-interaction-external-grab": {
      "version": "2.3.3",
      "resolved": "https://registry.npmjs.org/tsparticles-interaction-external-grab/-/tsparticles-interaction-external-grab-2.3.3.tgz",
      "integrity": "sha512-IJkxEBAyOXVdsGprfW8oCRH9movBiAGprgLxNu0hh/kCr6pOOo43Vgsb5CkR+h8uBBP8+z+rHmxSm6fKBjO5wQ==",
      "dependencies": {
        "tsparticles-engine": "^2.3.3"
      }
    },
    "node_modules/tsparticles-interaction-external-pause": {
      "version": "2.3.3",
      "resolved": "https://registry.npmjs.org/tsparticles-interaction-external-pause/-/tsparticles-interaction-external-pause-2.3.3.tgz",
      "integrity": "sha512-ZtlNehe+kDqIUIHfv6M11Gs/lpVy3zVeTwQ7oskxv3XR6Tc7x//383Gj6cWZE7DR3XfKv31LciY5nBX1lZu3rQ==",
      "dependencies": {
        "tsparticles-engine": "^2.3.3"
      }
    },
    "node_modules/tsparticles-interaction-external-push": {
      "version": "2.3.3",
      "resolved": "https://registry.npmjs.org/tsparticles-interaction-external-push/-/tsparticles-interaction-external-push-2.3.3.tgz",
      "integrity": "sha512-dQVxOlxXd0P6CFowOC8Yer9LQy8Twi5tSErgLWxnLoKeAQJjFxf+ccKP6KluBaGAV3I6uUqdh+UDQL20bAesbg==",
      "dependencies": {
        "tsparticles-engine": "^2.3.3"
      }
    },
    "node_modules/tsparticles-interaction-external-remove": {
      "version": "2.3.3",
      "resolved": "https://registry.npmjs.org/tsparticles-interaction-external-remove/-/tsparticles-interaction-external-remove-2.3.3.tgz",
      "integrity": "sha512-VFBq9DSBg5JYPwNRLDONhY3UfZbbqQGmvCzOFpfbYO78OZMrcZjgZrUZIf50zdMk/lJ1zNxwVxTjxOuHqtbS0w==",
      "dependencies": {
        "tsparticles-engine": "^2.3.3"
      }
    },
    "node_modules/tsparticles-interaction-external-repulse": {
      "version": "2.3.4",
      "resolved": "https://registry.npmjs.org/tsparticles-interaction-external-repulse/-/tsparticles-interaction-external-repulse-2.3.4.tgz",
      "integrity": "sha512-2JeUN6XEIwepMQYhufOD/gg4Luzk7aZE1fsZbs1fdbtAkHNckmSikzAPpOgMIVGdMCkENJSGn6V+D7UpilfSMw==",
      "dependencies": {
        "tsparticles-engine": "^2.3.3"
      }
    },
    "node_modules/tsparticles-interaction-external-slow": {
      "version": "2.3.3",
      "resolved": "https://registry.npmjs.org/tsparticles-interaction-external-slow/-/tsparticles-interaction-external-slow-2.3.3.tgz",
      "integrity": "sha512-C3hCA9js3nUsmfws2A5In+F+gQGx+a+yJidIqCNeknzltQytOFsUCH6JN5KezWJqgLWTCN53hR/rdsttVKQWKQ==",
      "dependencies": {
        "tsparticles-engine": "^2.3.3"
      }
    },
    "node_modules/tsparticles-interaction-external-trail": {
      "version": "2.3.3",
      "resolved": "https://registry.npmjs.org/tsparticles-interaction-external-trail/-/tsparticles-interaction-external-trail-2.3.3.tgz",
      "integrity": "sha512-DGMSsTprE+yg9I/MSBxhFdLFE3+5VlcJOLQDCW1aupnLvZdCJ4l+Thg8rd4BaZAAeH3Ljaosp94yQx8qy8cLOQ==",
      "dependencies": {
        "tsparticles-engine": "^2.3.3"
      }
    },
    "node_modules/tsparticles-interaction-particles-attract": {
      "version": "2.3.3",
      "resolved": "https://registry.npmjs.org/tsparticles-interaction-particles-attract/-/tsparticles-interaction-particles-attract-2.3.3.tgz",
      "integrity": "sha512-K0QoPQE8F/RBg+fYd/Nz+uky4420vfDni833qurzMIMqc8dFRQ53oDHnvwVoE0HU5iUCzPCUvmps/hF5LlFvgw==",
      "dependencies": {
        "tsparticles-engine": "^2.3.3"
      }
    },
    "node_modules/tsparticles-interaction-particles-collisions": {
      "version": "2.3.3",
      "resolved": "https://registry.npmjs.org/tsparticles-interaction-particles-collisions/-/tsparticles-interaction-particles-collisions-2.3.3.tgz",
      "integrity": "sha512-Qx1IeP+WWLpfK56RJXXRrtgUQ5e7s2SmBXfj/C6DSC+aMdgFNwFw2onukZ41d81+QEsPCwgtCB6iyWc6ERnaKg==",
      "dependencies": {
        "tsparticles-engine": "^2.3.3"
      }
    },
    "node_modules/tsparticles-interaction-particles-links": {
      "version": "2.3.3",
      "resolved": "https://registry.npmjs.org/tsparticles-interaction-particles-links/-/tsparticles-interaction-particles-links-2.3.3.tgz",
      "integrity": "sha512-sOk0FdnP2xL2lDPzMZA1N/ZjtaKgBMnc3hHgYMWPtVQ50GpcCxhiauGTEQW/Wj6+Ja0Qpf/TJ3MwbzPqv3h59Q==",
      "dependencies": {
        "tsparticles-engine": "^2.3.3"
      }
    },
    "node_modules/tsparticles-move-base": {
      "version": "2.3.3",
      "resolved": "https://registry.npmjs.org/tsparticles-move-base/-/tsparticles-move-base-2.3.3.tgz",
      "integrity": "sha512-D8tBkezutSZJUepkPefeV0AlUh7hwWifbufCqDVTRyZLyCvhamPNG3G/IISK0AePh5ZhCt1VlZ4m+4fzr1DLBg==",
      "dependencies": {
        "tsparticles-engine": "^2.3.3"
      }
    },
    "node_modules/tsparticles-move-parallax": {
      "version": "2.3.3",
      "resolved": "https://registry.npmjs.org/tsparticles-move-parallax/-/tsparticles-move-parallax-2.3.3.tgz",
      "integrity": "sha512-Pb8/Ous3qXhGfvWYQYND/t/tUxFA/nx544LACBlerOv7hMnb+gWVpfRRqlGDXJNKjjgmgebipI8s6+nxNN0yvw==",
      "dependencies": {
        "tsparticles-engine": "^2.3.3"
      }
    },
    "node_modules/tsparticles-particles.js": {
      "version": "2.3.3",
      "resolved": "https://registry.npmjs.org/tsparticles-particles.js/-/tsparticles-particles.js-2.3.3.tgz",
      "integrity": "sha512-PXlK8YVGIHkX8dPwMs4BLFHq/994oBrixUWuFQbLX+/M5LCrvvbqZIgR9/yUm1qe6RG2WCnAzoSYpogj7dPm+w==",
      "dependencies": {
        "tsparticles-engine": "^2.3.3"
      },
      "funding": {
        "type": "github",
        "url": "https://github.com/sponsors/matteobruni"
      }
    },
    "node_modules/tsparticles-plugin-absorbers": {
      "version": "2.3.4",
      "resolved": "https://registry.npmjs.org/tsparticles-plugin-absorbers/-/tsparticles-plugin-absorbers-2.3.4.tgz",
      "integrity": "sha512-H2woja+NF405cGPrqzttjKtKP7BklgfdtKXeORFgtdQqetAPF31TqVptRvReTlF7TvLVfIq9Ct962zIQiLJ8jw==",
      "dependencies": {
        "tsparticles-engine": "^2.3.3"
      }
    },
    "node_modules/tsparticles-plugin-emitters": {
      "version": "2.3.4",
      "resolved": "https://registry.npmjs.org/tsparticles-plugin-emitters/-/tsparticles-plugin-emitters-2.3.4.tgz",
      "integrity": "sha512-idukwsKpaDhiSNk2tHsNxO9vk2u+HZnLqJpWriNtR3l2NFQBl+vwBbWrHHC3aw2hLVOcB9YWKClMSn2nZE1Jcw==",
      "dependencies": {
        "tsparticles-engine": "^2.3.3"
      }
    },
    "node_modules/tsparticles-plugin-polygon-mask": {
      "version": "2.3.3",
      "resolved": "https://registry.npmjs.org/tsparticles-plugin-polygon-mask/-/tsparticles-plugin-polygon-mask-2.3.3.tgz",
      "integrity": "sha512-EJcIBO6xhDKPa4+o2K9RaUWDWsYlwkWQin8LLMZfFAchK/77bBz7n6L/jMkMey8NIBg1TkrNhwHSLaTa24PIjQ==",
      "dependencies": {
        "tsparticles-engine": "^2.3.3"
      }
    },
    "node_modules/tsparticles-shape-circle": {
      "version": "2.3.3",
      "resolved": "https://registry.npmjs.org/tsparticles-shape-circle/-/tsparticles-shape-circle-2.3.3.tgz",
      "integrity": "sha512-oWiF8WUSBailuqIYu9EXtzMRzix+KnsWRLgF5FRWsXgNcnzNEe8yfCMFRHTUg/VpLzhs8ZKEf88Wm1MFywEa+A==",
      "dependencies": {
        "tsparticles-engine": "^2.3.3"
      }
    },
    "node_modules/tsparticles-shape-image": {
      "version": "2.3.3",
      "resolved": "https://registry.npmjs.org/tsparticles-shape-image/-/tsparticles-shape-image-2.3.3.tgz",
      "integrity": "sha512-8txrkUEQKmcuQ2q7AdjSoz4pN8HDEMAbqwn1LEu9VqDH1qbs1sFV33viU0ydLmQcx1IM1d9ZHRwjU0IJf/DI5A==",
      "dependencies": {
        "tsparticles-engine": "^2.3.3"
      }
    },
    "node_modules/tsparticles-shape-line": {
      "version": "2.3.3",
      "resolved": "https://registry.npmjs.org/tsparticles-shape-line/-/tsparticles-shape-line-2.3.3.tgz",
      "integrity": "sha512-feiJXdvVQQQpm4xEH1QuDOcy3CdFHTqcmr88UjctIt/IHv4qpgaIMx9WI0b1muz2MlCVonSxpD2KSLuwS20Vhg==",
      "dependencies": {
        "tsparticles-engine": "^2.3.3"
      }
    },
    "node_modules/tsparticles-shape-polygon": {
      "version": "2.3.3",
      "resolved": "https://registry.npmjs.org/tsparticles-shape-polygon/-/tsparticles-shape-polygon-2.3.3.tgz",
      "integrity": "sha512-dMLo6EVDwUwXTFa/6kj4h1BYqcbKQQWn/GX4RsCwKtrYaqMAK6IrzLGUWZuhMFvz5LZ9LjFE611etHndZZLFTg==",
      "dependencies": {
        "tsparticles-engine": "^2.3.3"
      }
    },
    "node_modules/tsparticles-shape-square": {
      "version": "2.3.3",
      "resolved": "https://registry.npmjs.org/tsparticles-shape-square/-/tsparticles-shape-square-2.3.3.tgz",
      "integrity": "sha512-QTWe3SKtZuUcC6lFboGA/JRTki84259tJ13TKFMAruBZNo2903IQML5mCq50ueZ40IlkMzo5QpFeRDde82YZ1Q==",
      "dependencies": {
        "tsparticles-engine": "^2.3.3"
      }
    },
    "node_modules/tsparticles-shape-star": {
      "version": "2.3.3",
      "resolved": "https://registry.npmjs.org/tsparticles-shape-star/-/tsparticles-shape-star-2.3.3.tgz",
      "integrity": "sha512-7Y0vLdR1PGndpbP1TpDYOsaOn7Iy/4Jc53nh1rWT/Ww2O0JRH/M/6UZfq2uAy9O2jydyRF1kd5euentPKyYyXw==",
      "dependencies": {
        "tsparticles-engine": "^2.3.3"
      }
    },
    "node_modules/tsparticles-shape-text": {
      "version": "2.3.3",
      "resolved": "https://registry.npmjs.org/tsparticles-shape-text/-/tsparticles-shape-text-2.3.3.tgz",
      "integrity": "sha512-eAcfsuUNlPnL1BB/+3HAxuMBcd9z3xvCa/M9sXBJsx7XC6Si+5ThgCyPxN/2dVY/CDL0Sk1x2RV5bS/+ATErZA==",
      "dependencies": {
        "tsparticles-engine": "^2.3.3"
      }
    },
    "node_modules/tsparticles-slim": {
      "version": "2.3.4",
      "resolved": "https://registry.npmjs.org/tsparticles-slim/-/tsparticles-slim-2.3.4.tgz",
      "integrity": "sha512-UGzzdTSewR2cOzFzpSTVieAotdyFoOwujntltEbSziGlgU0B3mVCYOj4F+NeZpRQcIbLiOpqVM0aYPE8rGwfDQ==",
      "dependencies": {
        "tsparticles-engine": "^2.3.3",
        "tsparticles-interaction-external-attract": "^2.3.3",
        "tsparticles-interaction-external-bounce": "^2.3.3",
        "tsparticles-interaction-external-bubble": "^2.3.3",
        "tsparticles-interaction-external-connect": "^2.3.3",
        "tsparticles-interaction-external-grab": "^2.3.3",
        "tsparticles-interaction-external-pause": "^2.3.3",
        "tsparticles-interaction-external-push": "^2.3.3",
        "tsparticles-interaction-external-remove": "^2.3.3",
        "tsparticles-interaction-external-repulse": "^2.3.4",
        "tsparticles-interaction-external-slow": "^2.3.3",
        "tsparticles-interaction-particles-attract": "^2.3.3",
        "tsparticles-interaction-particles-collisions": "^2.3.3",
        "tsparticles-interaction-particles-links": "^2.3.3",
        "tsparticles-move-base": "^2.3.3",
        "tsparticles-move-parallax": "^2.3.3",
        "tsparticles-particles.js": "^2.3.3",
        "tsparticles-shape-circle": "^2.3.3",
        "tsparticles-shape-image": "^2.3.3",
        "tsparticles-shape-line": "^2.3.3",
        "tsparticles-shape-polygon": "^2.3.3",
        "tsparticles-shape-square": "^2.3.3",
        "tsparticles-shape-star": "^2.3.3",
        "tsparticles-shape-text": "^2.3.3",
        "tsparticles-updater-angle": "^2.3.3",
        "tsparticles-updater-color": "^2.3.3",
        "tsparticles-updater-life": "^2.3.3",
        "tsparticles-updater-opacity": "^2.3.3",
        "tsparticles-updater-out-modes": "^2.3.3",
        "tsparticles-updater-size": "^2.3.3",
        "tsparticles-updater-stroke-color": "^2.3.3"
      },
      "funding": {
        "type": "github",
        "url": "https://github.com/sponsors/matteobruni"
      }
    },
    "node_modules/tsparticles-updater-angle": {
      "version": "2.3.3",
      "resolved": "https://registry.npmjs.org/tsparticles-updater-angle/-/tsparticles-updater-angle-2.3.3.tgz",
      "integrity": "sha512-rIvfZK3KYB4sicJENfdnenjlTirVVHfvr/tcXqGxvIeWSMEnReO+IVcMTYds9ARNJDOfSZtkFwNzwD7nYCLwCg==",
      "dependencies": {
        "tsparticles-engine": "^2.3.3"
      }
    },
    "node_modules/tsparticles-updater-color": {
      "version": "2.3.3",
      "resolved": "https://registry.npmjs.org/tsparticles-updater-color/-/tsparticles-updater-color-2.3.3.tgz",
      "integrity": "sha512-DLWThK+eO2lCqi0tkAzNsvWr/H/0u1pd44MLcwvj9P2MFL+Jz3R58myU+cTuN+QOv4lkf3nuU0t07Mv9Tvzhjw==",
      "dependencies": {
        "tsparticles-engine": "^2.3.3"
      }
    },
    "node_modules/tsparticles-updater-destroy": {
      "version": "2.3.3",
      "resolved": "https://registry.npmjs.org/tsparticles-updater-destroy/-/tsparticles-updater-destroy-2.3.3.tgz",
      "integrity": "sha512-AHPR1zdn8zrohfggNBQA6sUyDwmLTx7LCktDiZi03lRAbtzSv6h3U1XyQDaKtLlwu/Vt5ffvPZuX5MGSY/iCnw==",
      "dependencies": {
        "tsparticles-engine": "^2.3.3"
      }
    },
    "node_modules/tsparticles-updater-life": {
      "version": "2.3.3",
      "resolved": "https://registry.npmjs.org/tsparticles-updater-life/-/tsparticles-updater-life-2.3.3.tgz",
      "integrity": "sha512-NNW7WUhKaun3/nr7iBCBg25gOxBOMrfON7Xg3UWJrGPf59Q4c2k9BAO/lqPRW5JmyZ8PXVCYIPwulKP0HDkr0A==",
      "dependencies": {
        "tsparticles-engine": "^2.3.3"
      }
    },
    "node_modules/tsparticles-updater-opacity": {
      "version": "2.3.3",
      "resolved": "https://registry.npmjs.org/tsparticles-updater-opacity/-/tsparticles-updater-opacity-2.3.3.tgz",
      "integrity": "sha512-pA9T7h3FREMb9Xv4Qcnv/5neUdLQVHmexuhuIr6/FqrnsWOQB4+PmdetKKWxfojkFAAWzignDEF78lzzXJzIuQ==",
      "dependencies": {
        "tsparticles-engine": "^2.3.3"
      }
    },
    "node_modules/tsparticles-updater-out-modes": {
      "version": "2.3.3",
      "resolved": "https://registry.npmjs.org/tsparticles-updater-out-modes/-/tsparticles-updater-out-modes-2.3.3.tgz",
      "integrity": "sha512-aoVg6ecXcnZvxnPzVY8ytyNz+Y47zD2+V1OPmfhi5CnOvOHgG97msinEvY4GL3OigBKB7d21X8r3l7WkV+/5Tw==",
      "dependencies": {
        "tsparticles-engine": "^2.3.3"
      }
    },
    "node_modules/tsparticles-updater-roll": {
      "version": "2.3.3",
      "resolved": "https://registry.npmjs.org/tsparticles-updater-roll/-/tsparticles-updater-roll-2.3.3.tgz",
      "integrity": "sha512-y2ATGesKf+vTw++VNt21IYp1lEZoWOGUcPEtckcadr5cslwTTnYjvsMqbd6e4e3Iy5tZJXnUyzaPznSUcX7OFw==",
      "dependencies": {
        "tsparticles-engine": "^2.3.3"
      }
    },
    "node_modules/tsparticles-updater-size": {
      "version": "2.3.3",
      "resolved": "https://registry.npmjs.org/tsparticles-updater-size/-/tsparticles-updater-size-2.3.3.tgz",
      "integrity": "sha512-Ksl5e8lG0S3OkjDjwYTKEKMA5ANX0cfK01PiJsTwuKqoDCWnpuBWixHCRCyrLoG7yGBBRLb4131pVuIL6ApY1A==",
      "dependencies": {
        "tsparticles-engine": "^2.3.3"
      }
    },
    "node_modules/tsparticles-updater-stroke-color": {
      "version": "2.3.3",
      "resolved": "https://registry.npmjs.org/tsparticles-updater-stroke-color/-/tsparticles-updater-stroke-color-2.3.3.tgz",
      "integrity": "sha512-HGGEe7lPjldOdzcHwmenttfOh+kIsDqxKmZzS3GiA027dpetF9OFh1dISz5d40lurffd8a/vg+kxATD0jAuZYQ==",
      "dependencies": {
        "tsparticles-engine": "^2.3.3"
      }
    },
    "node_modules/tsparticles-updater-tilt": {
      "version": "2.3.3",
      "resolved": "https://registry.npmjs.org/tsparticles-updater-tilt/-/tsparticles-updater-tilt-2.3.3.tgz",
      "integrity": "sha512-Z9Sr/NrfDhxPulKFPujJ6rWg22fRdDVDq5ieVVTMYBcIA38DvwSDd8q7J6mi13Q7sY8N3NQ2YabflqVemGhzQA==",
      "dependencies": {
        "tsparticles-engine": "^2.3.3"
      }
    },
    "node_modules/tsparticles-updater-twinkle": {
      "version": "2.3.3",
      "resolved": "https://registry.npmjs.org/tsparticles-updater-twinkle/-/tsparticles-updater-twinkle-2.3.3.tgz",
      "integrity": "sha512-0zM8OBM4geQkuFVjgkzbMAEaXeOqfCotWKVSN/jyHjYghzKl/8yCQAqfs/4W8E4QmcPA5wsHqq8E09mEtRuojg==",
      "dependencies": {
        "tsparticles-engine": "^2.3.3"
      }
    },
    "node_modules/tsparticles-updater-wobble": {
      "version": "2.3.3",
      "resolved": "https://registry.npmjs.org/tsparticles-updater-wobble/-/tsparticles-updater-wobble-2.3.3.tgz",
      "integrity": "sha512-AH0izo5ir6gYm0h7a7MBlo3g3hDpJApWwh/Y+Dls1LBslXsxQHILrRX3JsN/q9yA8kfgIu4aE87z7rdIE4gASA==",
      "dependencies": {
        "tsparticles-engine": "^2.3.3"
      }
    }
  },
  "dependencies": {
    "tsparticles": {
      "version": "2.3.4",
      "resolved": "https://registry.npmjs.org/tsparticles/-/tsparticles-2.3.4.tgz",
      "integrity": "sha512-0ZZN+Pv0NhS3vKkG1zO7lGXX+TOCq/UKcaGJqjI5aOA8M7ywdsw1+rwXbKygYBrJjs4fltKTgmkA2kVCwYCeMA==",
      "requires": {
        "tsparticles-engine": "^2.3.3",
        "tsparticles-interaction-external-trail": "^2.3.3",
        "tsparticles-plugin-absorbers": "^2.3.4",
        "tsparticles-plugin-emitters": "^2.3.4",
        "tsparticles-plugin-polygon-mask": "^2.3.3",
        "tsparticles-slim": "^2.3.4",
        "tsparticles-updater-destroy": "^2.3.3",
        "tsparticles-updater-roll": "^2.3.3",
        "tsparticles-updater-tilt": "^2.3.3",
        "tsparticles-updater-twinkle": "^2.3.3",
        "tsparticles-updater-wobble": "^2.3.3"
      }
    },
    "tsparticles-engine": {
      "version": "2.3.3",
      "resolved": "https://registry.npmjs.org/tsparticles-engine/-/tsparticles-engine-2.3.3.tgz",
      "integrity": "sha512-OryoHLPwMRRj+P8eC17fCi1a+KAMZM8iayystk+Xbe/QGzJ45rptvcbzKwRGkxyuLorVqfbhqLhS5Aeglx/vzQ=="
    },
    "tsparticles-interaction-external-attract": {
      "version": "2.3.3",
      "resolved": "https://registry.npmjs.org/tsparticles-interaction-external-attract/-/tsparticles-interaction-external-attract-2.3.3.tgz",
      "integrity": "sha512-EZnw1Dz2cl1fOrNlcEzpWmaMB51Qpvciue6WRHJvD0adPpm8jOUE7pZo2OlG29ONJo25ViOurTGO1MGdWd4OuQ==",
      "requires": {
        "tsparticles-engine": "^2.3.3"
      }
    },
    "tsparticles-interaction-external-bounce": {
      "version": "2.3.3",
      "resolved": "https://registry.npmjs.org/tsparticles-interaction-external-bounce/-/tsparticles-interaction-external-bounce-2.3.3.tgz",
      "integrity": "sha512-HoKjYvzCtvGeS0VKpba3fMfO+tTWx4Gb4fz59EKm7niZy+R+mzBr2UTh3iN6eMPiLpGKJrscdG8Qc15haGL+LA==",
      "requires": {
        "tsparticles-engine": "^2.3.3"
      }
    },
    "tsparticles-interaction-external-bubble": {
      "version": "2.3.3",
      "resolved": "https://registry.npmjs.org/tsparticles-interaction-external-bubble/-/tsparticles-interaction-external-bubble-2.3.3.tgz",
      "integrity": "sha512-t+lqNCQQsauGElUGJpsyv8UZSGvxgEvqlB2QpxUEjN8kadkytKBKEbx1Xm/kSkEG+hC3YiCtz2c+xvErWI/qFA==",
      "requires": {
        "tsparticles-engine": "^2.3.3"
      }
    },
    "tsparticles-interaction-external-connect": {
      "version": "2.3.3",
      "resolved": "https://registry.npmjs.org/tsparticles-interaction-external-connect/-/tsparticles-interaction-external-connect-2.3.3.tgz",
      "integrity": "sha512-DTAMqopJTgff8WSrmuzDf18Q0UFux/fLpSRpcNnt4Cba0P6MgiCjo2kyBIU6oUgwJPA2nvmWHlvdmF/Sw4e98A==",
      "requires": {
        "tsparticles-engine": "^2.3.3"
      }
    },
    "tsparticles-interaction-external-grab": {
      "version": "2.3.3",
      "resolved": "https://registry.npmjs.org/tsparticles-interaction-external-grab/-/tsparticles-interaction-external-grab-2.3.3.tgz",
      "integrity": "sha512-IJkxEBAyOXVdsGprfW8oCRH9movBiAGprgLxNu0hh/kCr6pOOo43Vgsb5CkR+h8uBBP8+z+rHmxSm6fKBjO5wQ==",
      "requires": {
        "tsparticles-engine": "^2.3.3"
      }
    },
    "tsparticles-interaction-external-pause": {
      "version": "2.3.3",
      "resolved": "https://registry.npmjs.org/tsparticles-interaction-external-pause/-/tsparticles-interaction-external-pause-2.3.3.tgz",
      "integrity": "sha512-ZtlNehe+kDqIUIHfv6M11Gs/lpVy3zVeTwQ7oskxv3XR6Tc7x//383Gj6cWZE7DR3XfKv31LciY5nBX1lZu3rQ==",
      "requires": {
        "tsparticles-engine": "^2.3.3"
      }
    },
    "tsparticles-interaction-external-push": {
      "version": "2.3.3",
      "resolved": "https://registry.npmjs.org/tsparticles-interaction-external-push/-/tsparticles-interaction-external-push-2.3.3.tgz",
      "integrity": "sha512-dQVxOlxXd0P6CFowOC8Yer9LQy8Twi5tSErgLWxnLoKeAQJjFxf+ccKP6KluBaGAV3I6uUqdh+UDQL20bAesbg==",
      "requires": {
        "tsparticles-engine": "^2.3.3"
      }
    },
    "tsparticles-interaction-external-remove": {
      "version": "2.3.3",
      "resolved": "https://registry.npmjs.org/tsparticles-interaction-external-remove/-/tsparticles-interaction-external-remove-2.3.3.tgz",
      "integrity": "sha512-VFBq9DSBg5JYPwNRLDONhY3UfZbbqQGmvCzOFpfbYO78OZMrcZjgZrUZIf50zdMk/lJ1zNxwVxTjxOuHqtbS0w==",
      "requires": {
        "tsparticles-engine": "^2.3.3"
      }
    },
    "tsparticles-interaction-external-repulse": {
      "version": "2.3.4",
      "resolved": "https://registry.npmjs.org/tsparticles-interaction-external-repulse/-/tsparticles-interaction-external-repulse-2.3.4.tgz",
      "integrity": "sha512-2JeUN6XEIwepMQYhufOD/gg4Luzk7aZE1fsZbs1fdbtAkHNckmSikzAPpOgMIVGdMCkENJSGn6V+D7UpilfSMw==",
      "requires": {
        "tsparticles-engine": "^2.3.3"
      }
    },
    "tsparticles-interaction-external-slow": {
      "version": "2.3.3",
      "resolved": "https://registry.npmjs.org/tsparticles-interaction-external-slow/-/tsparticles-interaction-external-slow-2.3.3.tgz",
      "integrity": "sha512-C3hCA9js3nUsmfws2A5In+F+gQGx+a+yJidIqCNeknzltQytOFsUCH6JN5KezWJqgLWTCN53hR/rdsttVKQWKQ==",
      "requires": {
        "tsparticles-engine": "^2.3.3"
      }
    },
    "tsparticles-interaction-external-trail": {
      "version": "2.3.3",
      "resolved": "https://registry.npmjs.org/tsparticles-interaction-external-trail/-/tsparticles-interaction-external-trail-2.3.3.tgz",
      "integrity": "sha512-DGMSsTprE+yg9I/MSBxhFdLFE3+5VlcJOLQDCW1aupnLvZdCJ4l+Thg8rd4BaZAAeH3Ljaosp94yQx8qy8cLOQ==",
      "requires": {
        "tsparticles-engine": "^2.3.3"
      }
    },
    "tsparticles-interaction-particles-attract": {
      "version": "2.3.3",
      "resolved": "https://registry.npmjs.org/tsparticles-interaction-particles-attract/-/tsparticles-interaction-particles-attract-2.3.3.tgz",
      "integrity": "sha512-K0QoPQE8F/RBg+fYd/Nz+uky4420vfDni833qurzMIMqc8dFRQ53oDHnvwVoE0HU5iUCzPCUvmps/hF5LlFvgw==",
      "requires": {
        "tsparticles-engine": "^2.3.3"
      }
    },
    "tsparticles-interaction-particles-collisions": {
      "version": "2.3.3",
      "resolved": "https://registry.npmjs.org/tsparticles-interaction-particles-collisions/-/tsparticles-interaction-particles-collisions-2.3.3.tgz",
      "integrity": "sha512-Qx1IeP+WWLpfK56RJXXRrtgUQ5e7s2SmBXfj/C6DSC+aMdgFNwFw2onukZ41d81+QEsPCwgtCB6iyWc6ERnaKg==",
      "requires": {
        "tsparticles-engine": "^2.3.3"
      }
    },
    "tsparticles-interaction-particles-links": {
      "version": "2.3.3",
      "resolved": "https://registry.npmjs.org/tsparticles-interaction-particles-links/-/tsparticles-interaction-particles-links-2.3.3.tgz",
      "integrity": "sha512-sOk0FdnP2xL2lDPzMZA1N/ZjtaKgBMnc3hHgYMWPtVQ50GpcCxhiauGTEQW/Wj6+Ja0Qpf/TJ3MwbzPqv3h59Q==",
      "requires": {
        "tsparticles-engine": "^2.3.3"
      }
    },
    "tsparticles-move-base": {
      "version": "2.3.3",
      "resolved": "https://registry.npmjs.org/tsparticles-move-base/-/tsparticles-move-base-2.3.3.tgz",
      "integrity": "sha512-D8tBkezutSZJUepkPefeV0AlUh7hwWifbufCqDVTRyZLyCvhamPNG3G/IISK0AePh5ZhCt1VlZ4m+4fzr1DLBg==",
      "requires": {
        "tsparticles-engine": "^2.3.3"
      }
    },
    "tsparticles-move-parallax": {
      "version": "2.3.3",
      "resolved": "https://registry.npmjs.org/tsparticles-move-parallax/-/tsparticles-move-parallax-2.3.3.tgz",
      "integrity": "sha512-Pb8/Ous3qXhGfvWYQYND/t/tUxFA/nx544LACBlerOv7hMnb+gWVpfRRqlGDXJNKjjgmgebipI8s6+nxNN0yvw==",
      "requires": {
        "tsparticles-engine": "^2.3.3"
      }
    },
    "tsparticles-particles.js": {
      "version": "2.3.3",
      "resolved": "https://registry.npmjs.org/tsparticles-particles.js/-/tsparticles-particles.js-2.3.3.tgz",
      "integrity": "sha512-PXlK8YVGIHkX8dPwMs4BLFHq/994oBrixUWuFQbLX+/M5LCrvvbqZIgR9/yUm1qe6RG2WCnAzoSYpogj7dPm+w==",
      "requires": {
        "tsparticles-engine": "^2.3.3"
      }
    },
    "tsparticles-plugin-absorbers": {
      "version": "2.3.4",
      "resolved": "https://registry.npmjs.org/tsparticles-plugin-absorbers/-/tsparticles-plugin-absorbers-2.3.4.tgz",
      "integrity": "sha512-H2woja+NF405cGPrqzttjKtKP7BklgfdtKXeORFgtdQqetAPF31TqVptRvReTlF7TvLVfIq9Ct962zIQiLJ8jw==",
      "requires": {
        "tsparticles-engine": "^2.3.3"
      }
    },
    "tsparticles-plugin-emitters": {
      "version": "2.3.4",
      "resolved": "https://registry.npmjs.org/tsparticles-plugin-emitters/-/tsparticles-plugin-emitters-2.3.4.tgz",
      "integrity": "sha512-idukwsKpaDhiSNk2tHsNxO9vk2u+HZnLqJpWriNtR3l2NFQBl+vwBbWrHHC3aw2hLVOcB9YWKClMSn2nZE1Jcw==",
      "requires": {
        "tsparticles-engine": "^2.3.3"
      }
    },
    "tsparticles-plugin-polygon-mask": {
      "version": "2.3.3",
      "resolved": "https://registry.npmjs.org/tsparticles-plugin-polygon-mask/-/tsparticles-plugin-polygon-mask-2.3.3.tgz",
      "integrity": "sha512-EJcIBO6xhDKPa4+o2K9RaUWDWsYlwkWQin8LLMZfFAchK/77bBz7n6L/jMkMey8NIBg1TkrNhwHSLaTa24PIjQ==",
      "requires": {
        "tsparticles-engine": "^2.3.3"
      }
    },
    "tsparticles-shape-circle": {
      "version": "2.3.3",
      "resolved": "https://registry.npmjs.org/tsparticles-shape-circle/-/tsparticles-shape-circle-2.3.3.tgz",
      "integrity": "sha512-oWiF8WUSBailuqIYu9EXtzMRzix+KnsWRLgF5FRWsXgNcnzNEe8yfCMFRHTUg/VpLzhs8ZKEf88Wm1MFywEa+A==",
      "requires": {
        "tsparticles-engine": "^2.3.3"
      }
    },
    "tsparticles-shape-image": {
      "version": "2.3.3",
      "resolved": "https://registry.npmjs.org/tsparticles-shape-image/-/tsparticles-shape-image-2.3.3.tgz",
      "integrity": "sha512-8txrkUEQKmcuQ2q7AdjSoz4pN8HDEMAbqwn1LEu9VqDH1qbs1sFV33viU0ydLmQcx1IM1d9ZHRwjU0IJf/DI5A==",
      "requires": {
        "tsparticles-engine": "^2.3.3"
      }
    },
    "tsparticles-shape-line": {
      "version": "2.3.3",
      "resolved": "https://registry.npmjs.org/tsparticles-shape-line/-/tsparticles-shape-line-2.3.3.tgz",
      "integrity": "sha512-feiJXdvVQQQpm4xEH1QuDOcy3CdFHTqcmr88UjctIt/IHv4qpgaIMx9WI0b1muz2MlCVonSxpD2KSLuwS20Vhg==",
      "requires": {
        "tsparticles-engine": "^2.3.3"
      }
    },
    "tsparticles-shape-polygon": {
      "version": "2.3.3",
      "resolved": "https://registry.npmjs.org/tsparticles-shape-polygon/-/tsparticles-shape-polygon-2.3.3.tgz",
      "integrity": "sha512-dMLo6EVDwUwXTFa/6kj4h1BYqcbKQQWn/GX4RsCwKtrYaqMAK6IrzLGUWZuhMFvz5LZ9LjFE611etHndZZLFTg==",
      "requires": {
        "tsparticles-engine": "^2.3.3"
      }
    },
    "tsparticles-shape-square": {
      "version": "2.3.3",
      "resolved": "https://registry.npmjs.org/tsparticles-shape-square/-/tsparticles-shape-square-2.3.3.tgz",
      "integrity": "sha512-QTWe3SKtZuUcC6lFboGA/JRTki84259tJ13TKFMAruBZNo2903IQML5mCq50ueZ40IlkMzo5QpFeRDde82YZ1Q==",
      "requires": {
        "tsparticles-engine": "^2.3.3"
      }
    },
    "tsparticles-shape-star": {
      "version": "2.3.3",
      "resolved": "https://registry.npmjs.org/tsparticles-shape-star/-/tsparticles-shape-star-2.3.3.tgz",
      "integrity": "sha512-7Y0vLdR1PGndpbP1TpDYOsaOn7Iy/4Jc53nh1rWT/Ww2O0JRH/M/6UZfq2uAy9O2jydyRF1kd5euentPKyYyXw==",
      "requires": {
        "tsparticles-engine": "^2.3.3"
      }
    },
    "tsparticles-shape-text": {
      "version": "2.3.3",
      "resolved": "https://registry.npmjs.org/tsparticles-shape-text/-/tsparticles-shape-text-2.3.3.tgz",
      "integrity": "sha512-eAcfsuUNlPnL1BB/+3HAxuMBcd9z3xvCa/M9sXBJsx7XC6Si+5ThgCyPxN/2dVY/CDL0Sk1x2RV5bS/+ATErZA==",
      "requires": {
        "tsparticles-engine": "^2.3.3"
      }
    },
    "tsparticles-slim": {
      "version": "2.3.4",
      "resolved": "https://registry.npmjs.org/tsparticles-slim/-/tsparticles-slim-2.3.4.tgz",
      "integrity": "sha512-UGzzdTSewR2cOzFzpSTVieAotdyFoOwujntltEbSziGlgU0B3mVCYOj4F+NeZpRQcIbLiOpqVM0aYPE8rGwfDQ==",
      "requires": {
        "tsparticles-engine": "^2.3.3",
        "tsparticles-interaction-external-attract": "^2.3.3",
        "tsparticles-interaction-external-bounce": "^2.3.3",
        "tsparticles-interaction-external-bubble": "^2.3.3",
        "tsparticles-interaction-external-connect": "^2.3.3",
        "tsparticles-interaction-external-grab": "^2.3.3",
        "tsparticles-interaction-external-pause": "^2.3.3",
        "tsparticles-interaction-external-push": "^2.3.3",
        "tsparticles-interaction-external-remove": "^2.3.3",
        "tsparticles-interaction-external-repulse": "^2.3.4",
        "tsparticles-interaction-external-slow": "^2.3.3",
        "tsparticles-interaction-particles-attract": "^2.3.3",
        "tsparticles-interaction-particles-collisions": "^2.3.3",
        "tsparticles-interaction-particles-links": "^2.3.3",
        "tsparticles-move-base": "^2.3.3",
        "tsparticles-move-parallax": "^2.3.3",
        "tsparticles-particles.js": "^2.3.3",
        "tsparticles-shape-circle": "^2.3.3",
        "tsparticles-shape-image": "^2.3.3",
        "tsparticles-shape-line": "^2.3.3",
        "tsparticles-shape-polygon": "^2.3.3",
        "tsparticles-shape-square": "^2.3.3",
        "tsparticles-shape-star": "^2.3.3",
        "tsparticles-shape-text": "^2.3.3",
        "tsparticles-updater-angle": "^2.3.3",
        "tsparticles-updater-color": "^2.3.3",
        "tsparticles-updater-life": "^2.3.3",
        "tsparticles-updater-opacity": "^2.3.3",
        "tsparticles-updater-out-modes": "^2.3.3",
        "tsparticles-updater-size": "^2.3.3",
        "tsparticles-updater-stroke-color": "^2.3.3"
      }
    },
    "tsparticles-updater-angle": {
      "version": "2.3.3",
      "resolved": "https://registry.npmjs.org/tsparticles-updater-angle/-/tsparticles-updater-angle-2.3.3.tgz",
      "integrity": "sha512-rIvfZK3KYB4sicJENfdnenjlTirVVHfvr/tcXqGxvIeWSMEnReO+IVcMTYds9ARNJDOfSZtkFwNzwD7nYCLwCg==",
      "requires": {
        "tsparticles-engine": "^2.3.3"
      }
    },
    "tsparticles-updater-color": {
      "version": "2.3.3",
      "resolved": "https://registry.npmjs.org/tsparticles-updater-color/-/tsparticles-updater-color-2.3.3.tgz",
      "integrity": "sha512-DLWThK+eO2lCqi0tkAzNsvWr/H/0u1pd44MLcwvj9P2MFL+Jz3R58myU+cTuN+QOv4lkf3nuU0t07Mv9Tvzhjw==",
      "requires": {
        "tsparticles-engine": "^2.3.3"
      }
    },
    "tsparticles-updater-destroy": {
      "version": "2.3.3",
      "resolved": "https://registry.npmjs.org/tsparticles-updater-destroy/-/tsparticles-updater-destroy-2.3.3.tgz",
      "integrity": "sha512-AHPR1zdn8zrohfggNBQA6sUyDwmLTx7LCktDiZi03lRAbtzSv6h3U1XyQDaKtLlwu/Vt5ffvPZuX5MGSY/iCnw==",
      "requires": {
        "tsparticles-engine": "^2.3.3"
      }
    },
    "tsparticles-updater-life": {
      "version": "2.3.3",
      "resolved": "https://registry.npmjs.org/tsparticles-updater-life/-/tsparticles-updater-life-2.3.3.tgz",
      "integrity": "sha512-NNW7WUhKaun3/nr7iBCBg25gOxBOMrfON7Xg3UWJrGPf59Q4c2k9BAO/lqPRW5JmyZ8PXVCYIPwulKP0HDkr0A==",
      "requires": {
        "tsparticles-engine": "^2.3.3"
      }
    },
    "tsparticles-updater-opacity": {
      "version": "2.3.3",
      "resolved": "https://registry.npmjs.org/tsparticles-updater-opacity/-/tsparticles-updater-opacity-2.3.3.tgz",
      "integrity": "sha512-pA9T7h3FREMb9Xv4Qcnv/5neUdLQVHmexuhuIr6/FqrnsWOQB4+PmdetKKWxfojkFAAWzignDEF78lzzXJzIuQ==",
      "requires": {
        "tsparticles-engine": "^2.3.3"
      }
    },
    "tsparticles-updater-out-modes": {
      "version": "2.3.3",
      "resolved": "https://registry.npmjs.org/tsparticles-updater-out-modes/-/tsparticles-updater-out-modes-2.3.3.tgz",
      "integrity": "sha512-aoVg6ecXcnZvxnPzVY8ytyNz+Y47zD2+V1OPmfhi5CnOvOHgG97msinEvY4GL3OigBKB7d21X8r3l7WkV+/5Tw==",
      "requires": {
        "tsparticles-engine": "^2.3.3"
      }
    },
    "tsparticles-updater-roll": {
      "version": "2.3.3",
      "resolved": "https://registry.npmjs.org/tsparticles-updater-roll/-/tsparticles-updater-roll-2.3.3.tgz",
      "integrity": "sha512-y2ATGesKf+vTw++VNt21IYp1lEZoWOGUcPEtckcadr5cslwTTnYjvsMqbd6e4e3Iy5tZJXnUyzaPznSUcX7OFw==",
      "requires": {
        "tsparticles-engine": "^2.3.3"
      }
    },
    "tsparticles-updater-size": {
      "version": "2.3.3",
      "resolved": "https://registry.npmjs.org/tsparticles-updater-size/-/tsparticles-updater-size-2.3.3.tgz",
      "integrity": "sha512-Ksl5e8lG0S3OkjDjwYTKEKMA5ANX0cfK01PiJsTwuKqoDCWnpuBWixHCRCyrLoG7yGBBRLb4131pVuIL6ApY1A==",
      "requires": {
        "tsparticles-engine": "^2.3.3"
      }
    },
    "tsparticles-updater-stroke-color": {
      "version": "2.3.3",
      "resolved": "https://registry.npmjs.org/tsparticles-updater-stroke-color/-/tsparticles-updater-stroke-color-2.3.3.tgz",
      "integrity": "sha512-HGGEe7lPjldOdzcHwmenttfOh+kIsDqxKmZzS3GiA027dpetF9OFh1dISz5d40lurffd8a/vg+kxATD0jAuZYQ==",
      "requires": {
        "tsparticles-engine": "^2.3.3"
      }
    },
    "tsparticles-updater-tilt": {
      "version": "2.3.3",
      "resolved": "https://registry.npmjs.org/tsparticles-updater-tilt/-/tsparticles-updater-tilt-2.3.3.tgz",
      "integrity": "sha512-Z9Sr/NrfDhxPulKFPujJ6rWg22fRdDVDq5ieVVTMYBcIA38DvwSDd8q7J6mi13Q7sY8N3NQ2YabflqVemGhzQA==",
      "requires": {
        "tsparticles-engine": "^2.3.3"
      }
    },
    "tsparticles-updater-twinkle": {
      "version": "2.3.3",
      "resolved": "https://registry.npmjs.org/tsparticles-updater-twinkle/-/tsparticles-updater-twinkle-2.3.3.tgz",
      "integrity": "sha512-0zM8OBM4geQkuFVjgkzbMAEaXeOqfCotWKVSN/jyHjYghzKl/8yCQAqfs/4W8E4QmcPA5wsHqq8E09mEtRuojg==",
      "requires": {
        "tsparticles-engine": "^2.3.3"
      }
    },
    "tsparticles-updater-wobble": {
      "version": "2.3.3",
      "resolved": "https://registry.npmjs.org/tsparticles-updater-wobble/-/tsparticles-updater-wobble-2.3.3.tgz",
      "integrity": "sha512-AH0izo5ir6gYm0h7a7MBlo3g3hDpJApWwh/Y+Dls1LBslXsxQHILrRX3JsN/q9yA8kfgIu4aE87z7rdIE4gASA==",
      "requires": {
        "tsparticles-engine": "^2.3.3"
      }
    }
  }
}
